
Microsoft Visual Studio Solution File, Format Version 12.00
# Visual Studio 14
VisualStudioVersion = 14.0.25420.1
MinimumVisualStudioVersion = 10.0.40219.1
Project("{FAE04EC0-301F-11D3-BF4B-00C04F79EFBC}") = "App1.Droid", "App1\App1.Droid\App1.Droid.csproj", "{70CE3372-3167-4E89-B293-6502A018ED37}"
EndProject
Project("{FAE04EC0-301F-11D3-BF4B-00C04F79EFBC}") = "App1.iOS", "App1\App1.iOS\App1.iOS.csproj", "{766AC242-42CA-4BE9-9C4D-BC5D618D5BDA}"
EndProject
Project("{FAE04EC0-301F-11D3-BF4B-00C04F79EFBC}") = "App1.UWP", "App1\App1.UWP\App1.UWP.csproj", "{931D8D68-6B51-464A-82D7-4126BE75008F}"
EndProject
Project("{FAE04EC0-301F-11D3-BF4B-00C04F79EFBC}") = "App1", "App1\App1\App1.csproj", "{6F759C65-919E-4684-BCAB-2FD6D60D4072}"
EndProject
Global
	GlobalSection(SolutionConfigurationPlatforms) = preSolution
		Ad-Hoc|Any CPU = Ad-Hoc|Any CPU
		Ad-Hoc|ARM = Ad-Hoc|ARM
		Ad-Hoc|iPhone = Ad-Hoc|iPhone
		Ad-Hoc|iPhoneSimulator = Ad-Hoc|iPhoneSimulator
		Ad-Hoc|x64 = Ad-Hoc|x64
		Ad-Hoc|x86 = Ad-Hoc|x86
		AppStore|Any CPU = AppStore|Any CPU
		AppStore|ARM = AppStore|ARM
		AppStore|iPhone = AppStore|iPhone
		AppStore|iPhoneSimulator = AppStore|iPhoneSimulator
		AppStore|x64 = AppStore|x64
		AppStore|x86 = AppStore|x86
		Debug|Any CPU = Debug|Any CPU
		Debug|ARM = Debug|ARM
		Debug|iPhone = Debug|iPhone
		Debug|iPhoneSimulator = Debug|iPhoneSimulator
		Debug|x64 = Debug|x64
		Debug|x86 = Debug|x86
		Release|Any CPU = Release|Any CPU
		Release|ARM = Release|ARM
		Release|iPhone = Release|iPhone
		Release|iPhoneSimulator = Release|iPhoneSimulator
		Release|x64 = Release|x64
		Release|x86 = Release|x86
	EndGlobalSection
	GlobalSection(ProjectConfigurationPlatforms) = postSolution
		{70CE3372-3167-4E89-B293-6502A018ED37}.Ad-Hoc|Any CPU.ActiveCfg = Release|Any CPU
		{70CE3372-3167-4E89-B293-6502A018ED37}.Ad-Hoc|Any CPU.Build.0 = Release|Any CPU
		{70CE3372-3167-4E89-B293-6502A018ED37}.Ad-Hoc|Any CPU.Deploy.0 = Release|Any CPU
		{70CE3372-3167-4E89-B293-6502A018ED37}.Ad-Hoc|ARM.ActiveCfg = Release|Any CPU
		{70CE3372-3167-4E89-B293-6502A018ED37}.Ad-Hoc|ARM.Build.0 = Release|Any CPU
		{70CE3372-3167-4E89-B293-6502A018ED37}.Ad-Hoc|ARM.Deploy.0 = Release|Any CPU
		{70CE3372-3167-4E89-B293-6502A018ED37}.Ad-Hoc|iPhone.ActiveCfg = Release|Any CPU
		{70CE3372-3167-4E89-B293-6502A018ED37}.Ad-Hoc|iPhone.Build.0 = Release|Any CPU
		{70CE3372-3167-4E89-B293-6502A018ED37}.Ad-Hoc|iPhone.Deploy.0 = Release|Any CPU
		{70CE3372-3167-4E89-B293-6502A018ED37}.Ad-Hoc|iPhoneSimulator.ActiveCfg = Release|Any CPU
		{70CE3372-3167-4E89-B293-6502A018ED37}.Ad-Hoc|iPhoneSimulator.Build.0 = Release|Any CPU
		{70CE3372-3167-4E89-B293-6502A018ED37}.Ad-Hoc|iPhoneSimulator.Deploy.0 = Release|Any CPU
		{70CE3372-3167-4E89-B293-6502A018ED37}.Ad-Hoc|x64.ActiveCfg = Release|Any CPU
		{70CE3372-3167-4E89-B293-6502A018ED37}.Ad-Hoc|x64.Build.0 = Release|Any CPU
		{70CE3372-3167-4E89-B293-6502A018ED37}.Ad-Hoc|x64.Deploy.0 = Release|Any CPU
		{70CE3372-3167-4E89-B293-6502A018ED37}.Ad-Hoc|x86.ActiveCfg = Release|Any CPU
		{70CE3372-3167-4E89-B293-6502A018ED37}.Ad-Hoc|x86.Build.0 = Release|Any CPU
		{70CE3372-3167-4E89-B293-6502A018ED37}.Ad-Hoc|x86.Deploy.0 = Release|Any CPU
		{70CE3372-3167-4E89-B293-6502A018ED37}.AppStore|Any CPU.ActiveCfg = Release|Any CPU
		{70CE3372-3167-4E89-B293-6502A018ED37}.AppStore|Any CPU.Build.0 = Release|Any CPU
		{70CE3372-3167-4E89-B293-6502A018ED37}.AppStore|Any CPU.Deploy.0 = Release|Any CPU
		{70CE3372-3167-4E89-B293-6502A018ED37}.AppStore|ARM.ActiveCfg = Release|Any CPU
		{70CE3372-3167-4E89-B293-6502A018ED37}.AppStore|ARM.Build.0 = Release|Any CPU
		{70CE3372-3167-4E89-B293-6502A018ED37}.AppStore|ARM.Deploy.0 = Release|Any CPU
		{70CE3372-3167-4E89-B293-6502A018ED37}.AppStore|iPhone.ActiveCfg = Release|Any CPU
		{70CE3372-3167-4E89-B293-6502A018ED37}.AppStore|iPhone.Build.0 = Release|Any CPU
		{70CE3372-3167-4E89-B293-6502A018ED37}.AppStore|iPhone.Deploy.0 = Release|Any CPU
		{70CE3372-3167-4E89-B293-6502A018ED37}.AppStore|iPhoneSimulator.ActiveCfg = Release|Any CPU
		{70CE3372-3167-4E89-B293-6502A018ED37}.AppStore|iPhoneSimulator.Build.0 = Release|Any CPU
		{70CE3372-3167-4E89-B293-6502A018ED37}.AppStore|iPhoneSimulator.Deploy.0 = Release|Any CPU
		{70CE3372-3167-4E89-B293-6502A018ED37}.AppStore|x64.ActiveCfg = Release|Any CPU
		{70CE3372-3167-4E89-B293-6502A018ED37}.AppStore|x64.Build.0 = Release|Any CPU
		{70CE3372-3167-4E89-B293-6502A018ED37}.AppStore|x64.Deploy.0 = Release|Any CPU
		{70CE3372-3167-4E89-B293-6502A018ED37}.AppStore|x86.ActiveCfg = Release|Any CPU
		{70CE3372-3167-4E89-B293-6502A018ED37}.AppStore|x86.Build.0 = Release|Any CPU
		{70CE3372-3167-4E89-B293-6502A018ED37}.AppStore|x86.Deploy.0 = Release|Any CPU
		{70CE3372-3167-4E89-B293-6502A018ED37}.Debug|Any CPU.ActiveCfg = Debug|Any CPU
		{70CE3372-3167-4E89-B293-6502A018ED37}.Debug|Any CPU.Build.0 = Debug|Any CPU
		{70CE3372-3167-4E89-B293-6502A018ED37}.Debug|Any CPU.Deploy.0 = Debug|Any CPU
		{70CE3372-3167-4E89-B293-6502A018ED37}.Debug|ARM.ActiveCfg = Debug|Any CPU
		{70CE3372-3167-4E89-B293-6502A018ED37}.Debug|ARM.Build.0 = Debug|Any CPU
		{70CE3372-3167-4E89-B293-6502A018ED37}.Debug|ARM.Deploy.0 = Debug|Any CPU
		{70CE3372-3167-4E89-B293-6502A018ED37}.Debug|iPhone.ActiveCfg = Debug|Any CPU
		{70CE3372-3167-4E89-B293-6502A018ED37}.Debug|iPhone.Build.0 = Debug|Any CPU
		{70CE3372-3167-4E89-B293-6502A018ED37}.Debug|iPhone.Deploy.0 = Debug|Any CPU
		{70CE3372-3167-4E89-B293-6502A018ED37}.Debug|iPhoneSimulator.ActiveCfg = Debug|Any CPU
		{70CE3372-3167-4E89-B293-6502A018ED37}.Debug|iPhoneSimulator.Build.0 = Debug|Any CPU
		{70CE3372-3167-4E89-B293-6502A018ED37}.Debug|iPhoneSimulator.Deploy.0 = Debug|Any CPU
		{70CE3372-3167-4E89-B293-6502A018ED37}.Debug|x64.ActiveCfg = Debug|Any CPU
		{70CE3372-3167-4E89-B293-6502A018ED37}.Debug|x64.Build.0 = Debug|Any CPU
		{70CE3372-3167-4E89-B293-6502A018ED37}.Debug|x64.Deploy.0 = Debug|Any CPU
		{70CE3372-3167-4E89-B293-6502A018ED37}.Debug|x86.ActiveCfg = Debug|Any CPU
		{70CE3372-3167-4E89-B293-6502A018ED37}.Debug|x86.Build.0 = Debug|Any CPU
		{70CE3372-3167-4E89-B293-6502A018ED37}.Debug|x86.Deploy.0 = Debug|Any CPU
		{70CE3372-3167-4E89-B293-6502A018ED37}.Release|Any CPU.ActiveCfg = Release|Any CPU
		{70CE3372-3167-4E89-B293-6502A018ED37}.Release|Any CPU.Build.0 = Release|Any CPU
		{70CE3372-3167-4E89-B293-6502A018ED37}.Release|Any CPU.Deploy.0 = Release|Any CPU
		{70CE3372-3167-4E89-B293-6502A018ED37}.Release|ARM.ActiveCfg = Release|Any CPU
		{70CE3372-3167-4E89-B293-6502A018ED37}.Release|ARM.Build.0 = Release|Any CPU
		{70CE3372-3167-4E89-B293-6502A018ED37}.Release|ARM.Deploy.0 = Release|Any CPU
		{70CE3372-3167-4E89-B293-6502A018ED37}.Release|iPhone.ActiveCfg = Release|Any CPU
		{70CE3372-3167-4E89-B293-6502A018ED37}.Release|iPhone.Build.0 = Release|Any CPU
		{70CE3372-3167-4E89-B293-6502A018ED37}.Release|iPhone.Deploy.0 = Release|Any CPU
		{70CE3372-3167-4E89-B293-6502A018ED37}.Release|iPhoneSimulator.ActiveCfg = Release|Any CPU
		{70CE3372-3167-4E89-B293-6502A018ED37}.Release|iPhoneSimulator.Build.0 = Release|Any CPU
		{70CE3372-3167-4E89-B293-6502A018ED37}.Release|iPhoneSimulator.Deploy.0 = Release|Any CPU
		{70CE3372-3167-4E89-B293-6502A018ED37}.Release|x64.ActiveCfg = Release|Any CPU
		{70CE3372-3167-4E89-B293-6502A018ED37}.Release|x64.Build.0 = Release|Any CPU
		{70CE3372-3167-4E89-B293-6502A018ED37}.Release|x64.Deploy.0 = Release|Any CPU
		{70CE3372-3167-4E89-B293-6502A018ED37}.Release|x86.ActiveCfg = Release|Any CPU
		{70CE3372-3167-4E89-B293-6502A018ED37}.Release|x86.Build.0 = Release|Any CPU
		{70CE3372-3167-4E89-B293-6502A018ED37}.Release|x86.Deploy.0 = Release|Any CPU
		{766AC242-42CA-4BE9-9C4D-BC5D618D5BDA}.Ad-Hoc|Any CPU.ActiveCfg = Ad-Hoc|iPhone
		{766AC242-42CA-4BE9-9C4D-BC5D618D5BDA}.Ad-Hoc|ARM.ActiveCfg = Ad-Hoc|iPhone
		{766AC242-42CA-4BE9-9C4D-BC5D618D5BDA}.Ad-Hoc|iPhone.ActiveCfg = Ad-Hoc|iPhone
		{766AC242-42CA-4BE9-9C4D-BC5D618D5BDA}.Ad-Hoc|iPhone.Build.0 = Ad-Hoc|iPhone
		{766AC242-42CA-4BE9-9C4D-BC5D618D5BDA}.Ad-Hoc|iPhoneSimulator.ActiveCfg = Ad-Hoc|iPhoneSimulator
		{766AC242-42CA-4BE9-9C4D-BC5D618D5BDA}.Ad-Hoc|iPhoneSimulator.Build.0 = Ad-Hoc|iPhoneSimulator
		{766AC242-42CA-4BE9-9C4D-BC5D618D5BDA}.Ad-Hoc|x64.ActiveCfg = Ad-Hoc|iPhone
		{766AC242-42CA-4BE9-9C4D-BC5D618D5BDA}.Ad-Hoc|x86.ActiveCfg = Ad-Hoc|iPhone
		{766AC242-42CA-4BE9-9C4D-BC5D618D5BDA}.AppStore|Any CPU.ActiveCfg = AppStore|iPhone
		{766AC242-42CA-4BE9-9C4D-BC5D618D5BDA}.AppStore|ARM.ActiveCfg = AppStore|iPhone
		{766AC242-42CA-4BE9-9C4D-BC5D618D5BDA}.AppStore|iPhone.ActiveCfg = AppStore|iPhone
		{766AC242-42CA-4BE9-9C4D-BC5D618D5BDA}.AppStore|iPhone.Build.0 = AppStore|iPhone
		{766AC242-42CA-4BE9-9C4D-BC5D618D5BDA}.AppStore|iPhoneSimulator.ActiveCfg = AppStore|iPhoneSimulator
		{766AC242-42CA-4BE9-9C4D-BC5D618D5BDA}.AppStore|iPhoneSimulator.Build.0 = AppStore|iPhoneSimulator
		{766AC242-42CA-4BE9-9C4D-BC5D618D5BDA}.AppStore|x64.ActiveCfg = AppStore|iPhone
		{766AC242-42CA-4BE9-9C4D-BC5D618D5BDA}.AppStore|x86.ActiveCfg = AppStore|iPhone
		{766AC242-42CA-4BE9-9C4D-BC5D618D5BDA}.Debug|Any CPU.ActiveCfg = Debug|iPhone
		{766AC242-42CA-4BE9-9C4D-BC5D618D5BDA}.Debug|ARM.ActiveCfg = Debug|iPhone
		{766AC242-42CA-4BE9-9C4D-BC5D618D5BDA}.Debug|iPhone.ActiveCfg = Debug|iPhone
		{766AC242-42CA-4BE9-9C4D-BC5D618D5BDA}.Debug|iPhone.Build.0 = Debug|iPhone
		{766AC242-42CA-4BE9-9C4D-BC5D618D5BDA}.Debug|iPhoneSimulator.ActiveCfg = Debug|iPhoneSimulator
		{766AC242-42CA-4BE9-9C4D-BC5D618D5BDA}.Debug|iPhoneSimulator.Build.0 = Debug|iPhoneSimulator
		{766AC242-42CA-4BE9-9C4D-BC5D618D5BDA}.Debug|x64.ActiveCfg = Debug|iPhone
		{766AC242-42CA-4BE9-9C4D-BC5D618D5BDA}.Debug|x86.ActiveCfg = Debug|iPhone
		{766AC242-42CA-4BE9-9C4D-BC5D618D5BDA}.Release|Any CPU.ActiveCfg = Release|iPhone
		{766AC242-42CA-4BE9-9C4D-BC5D618D5BDA}.Release|ARM.ActiveCfg = Release|iPhone
		{766AC242-42CA-4BE9-9C4D-BC5D618D5BDA}.Release|iPhone.ActiveCfg = Release|iPhone
		{766AC242-42CA-4BE9-9C4D-BC5D618D5BDA}.Release|iPhone.Build.0 = Release|iPhone
		{766AC242-42CA-4BE9-9C4D-BC5D618D5BDA}.Release|iPhoneSimulator.ActiveCfg = Release|iPhoneSimulator
		{766AC242-42CA-4BE9-9C4D-BC5D618D5BDA}.Release|iPhoneSimulator.Build.0 = Release|iPhoneSimulator
		{766AC242-42CA-4BE9-9C4D-BC5D618D5BDA}.Release|x64.ActiveCfg = Release|iPhone
		{766AC242-42CA-4BE9-9C4D-BC5D618D5BDA}.Release|x86.ActiveCfg = Release|iPhone
		{931D8D68-6B51-464A-82D7-4126BE75008F}.Ad-Hoc|Any CPU.ActiveCfg = Release|x86
		{931D8D68-6B51-464A-82D7-4126BE75008F}.Ad-Hoc|Any CPU.Build.0 = Release|x86
		{931D8D68-6B51-464A-82D7-4126BE75008F}.Ad-Hoc|Any CPU.Deploy.0 = Release|x86
		{931D8D68-6B51-464A-82D7-4126BE75008F}.Ad-Hoc|ARM.ActiveCfg = Release|ARM
		{931D8D68-6B51-464A-82D7-4126BE75008F}.Ad-Hoc|ARM.Build.0 = Release|ARM
		{931D8D68-6B51-464A-82D7-4126BE75008F}.Ad-Hoc|ARM.Deploy.0 = Release|ARM
		{931D8D68-6B51-464A-82D7-4126BE75008F}.Ad-Hoc|iPhone.ActiveCfg = Release|x86
		{931D8D68-6B51-464A-82D7-4126BE75008F}.Ad-Hoc|iPhone.Build.0 = Release|x86
		{931D8D68-6B51-464A-82D7-4126BE75008F}.Ad-Hoc|iPhone.Deploy.0 = Release|x86
		{931D8D68-6B51-464A-82D7-4126BE75008F}.Ad-Hoc|iPhoneSimulator.ActiveCfg = Release|x86
		{931D8D68-6B51-464A-82D7-4126BE75008F}.Ad-Hoc|iPhoneSimulator.Build.0 = Release|x86
		{931D8D68-6B51-464A-82D7-4126BE75008F}.Ad-Hoc|iPhoneSimulator.Deploy.0 = Release|x86
		{931D8D68-6B51-464A-82D7-4126BE75008F}.Ad-Hoc|x64.ActiveCfg = Release|x64
		{931D8D68-6B51-464A-82D7-4126BE75008F}.Ad-Hoc|x64.Build.0 = Release|x64
		{931D8D68-6B51-464A-82D7-4126BE75008F}.Ad-Hoc|x64.Deploy.0 = Release|x64
		{931D8D68-6B51-464A-82D7-4126BE75008F}.Ad-Hoc|x86.ActiveCfg = Release|x86
		{931D8D68-6B51-464A-82D7-4126BE75008F}.Ad-Hoc|x86.Build.0 = Release|x86
		{931D8D68-6B51-464A-82D7-4126BE75008F}.Ad-Hoc|x86.Deploy.0 = Release|x86
		{931D8D68-6B51-464A-82D7-4126BE75008F}.AppStore|Any CPU.ActiveCfg = Release|x86
		{931D8D68-6B51-464A-82D7-4126BE75008F}.AppStore|Any CPU.Build.0 = Release|x86
		{931D8D68-6B51-464A-82D7-4126BE75008F}.AppStore|Any CPU.Deploy.0 = Release|x86
		{931D8D68-6B51-464A-82D7-4126BE75008F}.AppStore|ARM.ActiveCfg = Release|ARM
		{931D8D68-6B51-464A-82D7-4126BE75008F}.AppStore|ARM.Build.0 = Release|ARM
		{931D8D68-6B51-464A-82D7-4126BE75008F}.AppStore|ARM.Deploy.0 = Release|ARM
		{931D8D68-6B51-464A-82D7-4126BE75008F}.AppStore|iPhone.ActiveCfg = Release|x86
		{931D8D68-6B51-464A-82D7-4126BE75008F}.AppStore|iPhone.Build.0 = Release|x86
		{931D8D68-6B51-464A-82D7-4126BE75008F}.AppStore|iPhone.Deploy.0 = Release|x86
		{931D8D68-6B51-464A-82D7-4126BE75008F}.AppStore|iPhoneSimulator.ActiveCfg = Release|x86
		{931D8D68-6B51-464A-82D7-4126BE75008F}.AppStore|iPhoneSimulator.Build.0 = Release|x86
		{931D8D68-6B51-464A-82D7-4126BE75008F}.AppStore|iPhoneSimulator.Deploy.0 = Release|x86
		{931D8D68-6B51-464A-82D7-4126BE75008F}.AppStore|x64.ActiveCfg = Release|x64
		{931D8D68-6B51-464A-82D7-4126BE75008F}.AppStore|x64.Build.0 = Release|x64
		{931D8D68-6B51-464A-82D7-4126BE75008F}.AppStore|x64.Deploy.0 = Release|x64
		{931D8D68-6B51-464A-82D7-4126BE75008F}.AppStore|x86.ActiveCfg = Release|x86
		{931D8D68-6B51-464A-82D7-4126BE75008F}.AppStore|x86.Build.0 = Release|x86
		{931D8D68-6B51-464A-82D7-4126BE75008F}.AppStore|x86.Deploy.0 = Release|x86
		{931D8D68-6B51-464A-82D7-4126BE75008F}.Debug|Any CPU.ActiveCfg = Debug|x86
		{931D8D68-6B51-464A-82D7-4126BE75008F}.Debug|ARM.ActiveCfg = Debug|ARM
		{931D8D68-6B51-464A-82D7-4126BE75008F}.Debug|ARM.Build.0 = Debug|ARM
		{931D8D68-6B51-464A-82D7-4126BE75008F}.Debug|ARM.Deploy.0 = Debug|ARM
		{931D8D68-6B51-464A-82D7-4126BE75008F}.Debug|iPhone.ActiveCfg = Debug|x86
		{931D8D68-6B51-464A-82D7-4126BE75008F}.Debug|iPhoneSimulator.ActiveCfg = Debug|x86
		{931D8D68-6B51-464A-82D7-4126BE75008F}.Debug|x64.ActiveCfg = Debug|x64
		{931D8D68-6B51-464A-82D7-4126BE75008F}.Debug|x64.Build.0 = Debug|x64
		{931D8D68-6B51-464A-82D7-4126BE75008F}.Debug|x64.Deploy.0 = Debug|x64
		{931D8D68-6B51-464A-82D7-4126BE75008F}.Debug|x86.ActiveCfg = Debug|x86
		{931D8D68-6B51-464A-82D7-4126BE75008F}.Debug|x86.Build.0 = Debug|x86
		{931D8D68-6B51-464A-82D7-4126BE75008F}.Debug|x86.Deploy.0 = Debug|x86
		{931D8D68-6B51-464A-82D7-4126BE75008F}.Release|Any CPU.ActiveCfg = Release|x86
		{931D8D68-6B51-464A-82D7-4126BE75008F}.Release|ARM.ActiveCfg = Release|ARM
		{931D8D68-6B51-464A-82D7-4126BE75008F}.Release|ARM.Build.0 = Release|ARM
		{931D8D68-6B51-464A-82D7-4126BE75008F}.Release|ARM.Deploy.0 = Release|ARM
		{931D8D68-6B51-464A-82D7-4126BE75008F}.Release|iPhone.ActiveCfg = Release|x86
		{931D8D68-6B51-464A-82D7-4126BE75008F}.Release|iPhoneSimulator.ActiveCfg = Release|x86
		{931D8D68-6B51-464A-82D7-4126BE75008F}.Release|x64.ActiveCfg = Release|x64
		{931D8D68-6B51-464A-82D7-4126BE75008F}.Release|x64.Build.0 = Release|x64
		{931D8D68-6B51-464A-82D7-4126BE75008F}.Release|x64.Deploy.0 = Release|x64
		{931D8D68-6B51-464A-82D7-4126BE75008F}.Release|x86.ActiveCfg = Release|x86
		{931D8D68-6B51-464A-82D7-4126BE75008F}.Release|x86.Build.0 = Release|x86
		{931D8D68-6B51-464A-82D7-4126BE75008F}.Release|x86.Deploy.0 = Release|x86
		{6F759C65-919E-4684-BCAB-2FD6D60D4072}.Ad-Hoc|Any CPU.ActiveCfg = Release|Any CPU
		{6F759C65-919E-4684-BCAB-2FD6D60D4072}.Ad-Hoc|Any CPU.Build.0 = Release|Any CPU
		{6F759C65-919E-4684-BCAB-2FD6D60D4072}.Ad-Hoc|ARM.ActiveCfg = Release|Any CPU
		{6F759C65-919E-4684-BCAB-2FD6D60D4072}.Ad-Hoc|ARM.Build.0 = Release|Any CPU
		{6F759C65-919E-4684-BCAB-2FD6D60D4072}.Ad-Hoc|iPhone.ActiveCfg = Release|Any CPU
		{6F759C65-919E-4684-BCAB-2FD6D60D4072}.Ad-Hoc|iPhone.Build.0 = Release|Any CPU
		{6F759C65-919E-4684-BCAB-2FD6D60D4072}.Ad-Hoc|iPhoneSimulator.ActiveCfg = Release|Any CPU
		{6F759C65-919E-4684-BCAB-2FD6D60D4072}.Ad-Hoc|iPhoneSimulator.Build.0 = Release|Any CPU
		{6F759C65-919E-4684-BCAB-2FD6D60D4072}.Ad-Hoc|x64.ActiveCfg = Release|Any CPU
		{6F759C65-919E-4684-BCAB-2FD6D60D4072}.Ad-Hoc|x64.Build.0 = Release|Any CPU
		{6F759C65-919E-4684-BCAB-2FD6D60D4072}.Ad-Hoc|x86.ActiveCfg = Release|Any CPU
		{6F759C65-919E-4684-BCAB-2FD6D60D4072}.Ad-Hoc|x86.Build.0 = Release|Any CPU
		{6F759C65-919E-4684-BCAB-2FD6D60D4072}.AppStore|Any CPU.ActiveCfg = Release|Any CPU
		{6F759C65-919E-4684-BCAB-2FD6D60D4072}.AppStore|Any CPU.Build.0 = Release|Any CPU
		{6F759C65-919E-4684-BCAB-2FD6D60D4072}.AppStore|ARM.ActiveCfg = Release|Any CPU
		{6F759C65-919E-4684-BCAB-2FD6D60D4072}.AppStore|ARM.Build.0 = Release|Any CPU
		{6F759C65-919E-4684-BCAB-2FD6D60D4072}.AppStore|iPhone.ActiveCfg = Release|Any CPU
		{6F759C65-919E-4684-BCAB-2FD6D60D4072}.AppStore|iPhone.Build.0 = Release|Any CPU
		{6F759C65-919E-4684-BCAB-2FD6D60D4072}.AppStore|iPhoneSimulator.ActiveCfg = Release|Any CPU
		{6F759C65-919E-4684-BCAB-2FD6D60D4072}.AppStore|iPhoneSimulator.Build.0 = Release|Any CPU
		{6F759C65-919E-4684-BCAB-2FD6D60D4072}.AppStore|x64.ActiveCfg = Release|Any CPU
		{6F759C65-919E-4684-BCAB-2FD6D60D4072}.AppStore|x64.Build.0 = Release|Any CPU
		{6F759C65-919E-4684-BCAB-2FD6D60D4072}.AppStore|x86.ActiveCfg = Release|Any CPU
		{6F759C65-919E-4684-BCAB-2FD6D60D4072}.AppStore|x86.Build.0 = Release|Any CPU
		{6F759C65-919E-4684-BCAB-2FD6D60D4072}.Debug|Any CPU.ActiveCfg = Debug|Any CPU
		{6F759C65-919E-4684-BCAB-2FD6D60D4072}.Debug|Any CPU.Build.0 = Debug|Any CPU
		{6F759C65-919E-4684-BCAB-2FD6D60D4072}.Debug|ARM.ActiveCfg = Debug|Any CPU
		{6F759C65-919E-4684-BCAB-2FD6D60D4072}.Debug|ARM.Build.0 = Debug|Any CPU
		{6F759C65-919E-4684-BCAB-2FD6D60D4072}.Debug|iPhone.ActiveCfg = Debug|Any CPU
		{6F759C65-919E-4684-BCAB-2FD6D60D4072}.Debug|iPhone.Build.0 = Debug|Any CPU
		{6F759C65-919E-4684-BCAB-2FD6D60D4072}.Debug|iPhoneSimulator.ActiveCfg = Debug|Any CPU
		{6F759C65-919E-4684-BCAB-2FD6D60D4072}.Debug|iPhoneSimulator.Build.0 = Debug|Any CPU
		{6F759C65-919E-4684-BCAB-2FD6D60D4072}.Debug|x64.ActiveCfg = Debug|Any CPU
		{6F759C65-919E-4684-BCAB-2FD6D60D4072}.Debug|x64.Build.0 = Debug|Any CPU
		{6F759C65-919E-4684-BCAB-2FD6D60D4072}.Debug|x86.ActiveCfg = Debug|Any CPU
		{6F759C65-919E-4684-BCAB-2FD6D60D4072}.Debug|x86.Build.0 = Debug|Any CPU
		{6F759C65-919E-4684-BCAB-2FD6D60D4072}.Release|Any CPU.ActiveCfg = Release|Any CPU
		{6F759C65-919E-4684-BCAB-2FD6D60D4072}.Release|Any CPU.Build.0 = Release|Any CPU
		{6F759C65-919E-4684-BCAB-2FD6D60D4072}.Release|ARM.ActiveCfg = Release|Any CPU
		{6F759C65-919E-4684-BCAB-2FD6D60D4072}.Release|ARM.Build.0 = Release|Any CPU
		{6F759C65-919E-4684-BCAB-2FD6D60D4072}.Release|iPhone.ActiveCfg = Release|Any CPU
		{6F759C65-919E-4684-BCAB-2FD6D60D4072}.Release|iPhone.Build.0 = Release|Any CPU
		{6F759C65-919E-4684-BCAB-2FD6D60D4072}.Release|iPhoneSimulator.ActiveCfg = Release|Any CPU
		{6F759C65-919E-4684-BCAB-2FD6D60D4072}.Release|iPhoneSimulator.Build.0 = Release|Any CPU
		{6F759C65-919E-4684-BCAB-2FD6D60D4072}.Release|x64.ActiveCfg = Release|Any CPU
		{6F759C65-919E-4684-BCAB-2FD6D60D4072}.Release|x64.Build.0 = Release|Any CPU
		{6F759C65-919E-4684-BCAB-2FD6D60D4072}.Release|x86.ActiveCfg = Release|Any CPU
		{6F759C65-919E-4684-BCAB-2FD6D60D4072}.Release|x86.Build.0 = Release|Any CPU
	EndGlobalSection
	GlobalSection(SolutionProperties) = preSolution
		HideSolutionNode = FALSE
	EndGlobalSection
EndGlobal
